
Microsoft Visual Studio Solution File, Format Version 12.00
# Visual Studio Version 17
VisualStudioVersion = 17.10.34928.147
MinimumVisualStudioVersion = 10.0.40219.1
Project("{9A19103F-16F7-4668-BE54-9A1E7A4F7556}") = "e-commerce.Server", "e-commerce.Server\e-commerce.Server.csproj", "{5F3803E2-FD6E-4575-8ADD-A91C63A78A86}"
EndProject
Project("{54A90642-561A-4BB1-A94E-469ADEE60C69}") = "e-commerce.client", "e-commerce.client\e-commerce.client.esproj", "{420FB5E9-CDAA-4109-990E-7C2D3B30E612}"
EndProject
Project("{FAE04EC0-301F-11D3-BF4B-00C04F79EFBC}") = "e-commerce.tests", "e-commerce.tests\e-commerce.tests.csproj", "{29CE1738-B991-4B90-A39C-299F7B3CE034}"
EndProject
Global
	GlobalSection(SolutionConfigurationPlatforms) = preSolution
		Debug|Any CPU = Debug|Any CPU
		Release|Any CPU = Release|Any CPU
	EndGlobalSection
	GlobalSection(ProjectConfigurationPlatforms) = postSolution
		{5F3803E2-FD6E-4575-8ADD-A91C63A78A86}.Debug|Any CPU.ActiveCfg = Debug|Any CPU
		{5F3803E2-FD6E-4575-8ADD-A91C63A78A86}.Debug|Any CPU.Build.0 = Debug|Any CPU
		{5F3803E2-FD6E-4575-8ADD-A91C63A78A86}.Release|Any CPU.ActiveCfg = Release|Any CPU
		{5F3803E2-FD6E-4575-8ADD-A91C63A78A86}.Release|Any CPU.Build.0 = Release|Any CPU
		{420FB5E9-CDAA-4109-990E-7C2D3B30E612}.Debug|Any CPU.ActiveCfg = Debug|Any CPU
		{420FB5E9-CDAA-4109-990E-7C2D3B30E612}.Debug|Any CPU.Build.0 = Debug|Any CPU
		{420FB5E9-CDAA-4109-990E-7C2D3B30E612}.Debug|Any CPU.Deploy.0 = Debug|Any CPU
		{420FB5E9-CDAA-4109-990E-7C2D3B30E612}.Release|Any CPU.ActiveCfg = Release|Any CPU
		{420FB5E9-CDAA-4109-990E-7C2D3B30E612}.Release|Any CPU.Build.0 = Release|Any CPU
		{420FB5E9-CDAA-4109-990E-7C2D3B30E612}.Release|Any CPU.Deploy.0 = Release|Any CPU
		{29CE1738-B991-4B90-A39C-299F7B3CE034}.Debug|Any CPU.ActiveCfg = Debug|Any CPU
		{29CE1738-B991-4B90-A39C-299F7B3CE034}.Debug|Any CPU.Build.0 = Debug|Any CPU
		{29CE1738-B991-4B90-A39C-299F7B3CE034}.Release|Any CPU.ActiveCfg = Release|Any CPU
		{29CE1738-B991-4B90-A39C-299F7B3CE034}.Release|Any CPU.Build.0 = Release|Any CPU
	EndGlobalSection
	GlobalSection(SolutionProperties) = preSolution
		HideSolutionNode = FALSE
	EndGlobalSection
	GlobalSection(ExtensibilityGlobals) = postSolution
		SolutionGuid = {4C2B6949-A840-4E61-9CD8-85B5F5525B51}
	EndGlobalSection
EndGlobal
